<?xml version="1.0" encoding="utf-8"?>
<Project ToolsVersion="4.0" xmlns="http://schemas.microsoft.com/developer/msbuild/2003">
  <ItemGroup>
    <Filter Include="Source Files">
      <UniqueIdentifier>{4FC737F1-C7A5-4376-A066-2A32D752A2FF}</UniqueIdentifier>
      <Extensions>qml;cpp;c;cc;cxx;def;odl;idl;hpj;bat;asm;asmx</Extensions>
    </Filter>
    <Filter Include="Header Files">
      <UniqueIdentifier>{93995380-89BD-4b04-88EB-625FBE52EBFB}</UniqueIdentifier>
      <Extensions>h;hh;hpp;hxx;hm;inl;inc;xsd</Extensions>
    </Filter>
    <Filter Include="Resource Files">
      <UniqueIdentifier>{67DA6AB6-F800-4c08-8B7A-83BB121AAD01}</UniqueIdentifier>
      <Extensions>qrc;rc;ico;cur;bmp;dlg;rc2;rct;bin;rgs;gif;jpg;jpeg;jpe;resx;tiff;tif;png;wav;mfcribbon-ms</Extensions>
    </Filter>
    <Filter Include="Form Files">
      <UniqueIdentifier>{99349809-55BA-4b9d-BF79-8FDBB0286EB3}</UniqueIdentifier>
      <Extensions>ui</Extensions>
    </Filter>
    <Filter Include="Translation Files">
      <UniqueIdentifier>{639EADAA-A684-42e4-A9AD-28FC9BCB8F7C}</UniqueIdentifier>
      <Extensions>ts</Extensions>
    </Filter>
    <Filter Include="Implementation Files">
      <UniqueIdentifier>{e419e0c9-21e1-4340-a7b8-9f988bc1975d}</UniqueIdentifier>
    </Filter>
    <Filter Include="Services">
      <UniqueIdentifier>{a18779d5-1724-4855-a457-cb21bf18801e}</UniqueIdentifier>
    </Filter>
    <Filter Include="Services\Headers">
      <UniqueIdentifier>{6d9749ec-49f8-4832-b44e-cee1ad969a19}</UniqueIdentifier>
    </Filter>
    <Filter Include="Services\Implementations">
      <UniqueIdentifier>{23fefe71-3df1-4141-b677-2e6ae76c1535}</UniqueIdentifier>
    </Filter>
  </ItemGroup>
  <ItemGroup>
    <QtRcc Include="GarticFrontend.qrc">
      <Filter>Resource Files</Filter>
    </QtRcc>
  </ItemGroup>
  <ItemGroup>
    <ClCompile Include="main.cpp">
      <Filter>Source Files</Filter>
    </ClCompile>
    <ClCompile Include="HostRoom.cpp">
      <Filter>Implementation Files</Filter>
    </ClCompile>
    <ClCompile Include="LoginWindow.cpp">
      <Filter>Implementation Files</Filter>
    </ClCompile>
    <ClCompile Include="MainMenuWindow.cpp">
      <Filter>Implementation Files</Filter>
    </ClCompile>
    <ClCompile Include="ProfileUserWindow.cpp">
      <Filter>Implementation Files</Filter>
    </ClCompile>
    <ClCompile Include="RegisterWindow.cpp">
      <Filter>Implementation Files</Filter>
    </ClCompile>
    <ClCompile Include="AppWindow.cpp">
      <Filter>Implementation Files</Filter>
    </ClCompile>
    <ClCompile Include="AuthenticationService.cpp">
      <Filter>Services\Implementations</Filter>
    </ClCompile>
    <ClCompile Include="UserStatsService.cpp">
      <Filter>Services\Implementations</Filter>
    </ClCompile>
    <ClCompile Include="RoomService.cpp">
      <Filter>Services\Implementations</Filter>
    </ClCompile>
    <ClCompile Include="RoomWindow.cpp">
      <Filter>Implementation Files</Filter>
    </ClCompile>
    <ClCompile Include="ScribbleArea.cpp">
      <Filter>Implementation Files</Filter>
    </ClCompile>
    <ClCompile Include="ScribbleWindow.cpp">
      <Filter>Implementation Files</Filter>
    </ClCompile>
  </ItemGroup>
  <ItemGroup>
    <QtMoc Include="LoginWindow.h">
      <Filter>Header Files</Filter>
    </QtMoc>
    <QtMoc Include="RegisterWindow.h">
      <Filter>Header Files</Filter>
    </QtMoc>
    <QtMoc Include="HostRoom.h">
      <Filter>Header Files</Filter>
    </QtMoc>
    <QtMoc Include="MainMenuWindow.h">
      <Filter>Header Files</Filter>
    </QtMoc>
    <QtMoc Include="ProfileUserWindow.h">
      <Filter>Header Files</Filter>
    </QtMoc>
    <QtMoc Include="AppWindow.h">
      <Filter>Header Files</Filter>
    </QtMoc>
    <QtMoc Include="AuthenticationService.h">
      <Filter>Services\Headers</Filter>
    </QtMoc>
    <QtMoc Include="UserStatsService.h">
      <Filter>Services\Headers</Filter>
    </QtMoc>
    <QtMoc Include="RoomService.h">
      <Filter>Services\Headers</Filter>
    </QtMoc>
    <QtMoc Include="ScribbleWindow.h">
      <Filter>Header Files</Filter>
    </QtMoc>
    <QtMoc Include="ScribbleArea.h">
      <Filter>Header Files</Filter>
    </QtMoc>
  </ItemGroup>
  <ItemGroup>
    <QtUic Include="LoginWindow.ui">
      <Filter>Form Files</Filter>
    </QtUic>
    <QtUic Include="RegisterWindow.ui">
      <Filter>Form Files</Filter>
    </QtUic>
    <QtUic Include="HostRoom.ui">
      <Filter>Form Files</Filter>
    </QtUic>
    <QtUic Include="MainMenuWindow.ui">
      <Filter>Form Files</Filter>
    </QtUic>
    <QtUic Include="ProfileUserWindow.ui">
      <Filter>Form Files</Filter>
    </QtUic>
    <QtUic Include="AppWindow.ui">
      <Filter>Form Files</Filter>
    </QtUic>
    <QtUic Include="RoomWindow.ui">
      <Filter>Form Files</Filter>
    </QtUic>
    <QtUic Include="ScribbleWindow.ui">
      <Filter>Form Files</Filter>
    </QtUic>
    <QtUic Include="ScribbleArea.ui">
      <Filter>Form Files</Filter>
    </QtUic>
  </ItemGroup>
  <ItemGroup>
    <ClInclude Include="RoomWindow.h">
      <Filter>Header Files</Filter>
    </ClInclude>
  </ItemGroup>
</Project>