<?xml version="1.0" encoding="utf-8"?>
<Project ToolsVersion="4.0" xmlns="http://schemas.microsoft.com/developer/msbuild/2003">
  <ItemGroup>
    <Filter Include="Source Files">
      <UniqueIdentifier>{4FC737F1-C7A5-4376-A066-2A32D752A2FF}</UniqueIdentifier>
      <Extensions>cpp;c;cc;cxx;c++;cppm;ixx;def;odl;idl;hpj;bat;asm;asmx</Extensions>
    </Filter>
    <Filter Include="Header Files">
      <UniqueIdentifier>{93995380-89BD-4b04-88EB-625FBE52EBFB}</UniqueIdentifier>
      <Extensions>h;hh;hpp;hxx;h++;hm;inl;inc;ipp;xsd</Extensions>
    </Filter>
    <Filter Include="Resource Files">
      <UniqueIdentifier>{67DA6AB6-F800-4c08-8B7A-83BB121AAD01}</UniqueIdentifier>
      <Extensions>rc;ico;cur;bmp;dlg;rc2;rct;bin;rgs;gif;jpg;jpeg;jpe;resx;tiff;tif;png;wav;mfcribbon-ms</Extensions>
    </Filter>
    <Filter Include="Modules">
      <UniqueIdentifier>{70a44a31-48cb-4fd6-9cbf-7aa78ceafdb4}</UniqueIdentifier>
    </Filter>
    <Filter Include="Class Files">
      <UniqueIdentifier>{edee3fe7-b86c-4bce-b878-a4546c033956}</UniqueIdentifier>
    </Filter>
    <Filter Include="Modules Implementations">
      <UniqueIdentifier>{93f07bd2-0429-4ade-856c-d6411c7fb80d}</UniqueIdentifier>
    </Filter>
  </ItemGroup>
  <ItemGroup>
    <ClCompile Include="main.cpp">
      <Filter>Source Files</Filter>
    </ClCompile>
    <ClCompile Include="Database.cpp">
      <Filter>Class Files</Filter>
    </ClCompile>
    <ClCompile Include="UserHandler.cpp">
      <Filter>Class Files</Filter>
    </ClCompile>
    <ClCompile Include="UserValidator.cppm">
      <Filter>Modules</Filter>
    </ClCompile>
    <ClCompile Include="UserValidator.cpp">
      <Filter>Modules Implementations</Filter>
    </ClCompile>
    <ClCompile Include="UserHelper.cpp">
      <Filter>Class Files</Filter>
    </ClCompile>
    <ClCompile Include="UserStatsHandler.cpp">
      <Filter>Class Files</Filter>
    </ClCompile>
    <ClCompile Include="RoomHandler.cpp">
      <Filter>Class Files</Filter>
    </ClCompile>
    <ClCompile Include="Room.cpp">
      <Filter>Class Files</Filter>
    </ClCompile>
  </ItemGroup>
  <ItemGroup>
    <ClInclude Include="Database.h">
      <Filter>Header Files</Filter>
    </ClInclude>
    <ClInclude Include="UserHandler.h">
      <Filter>Header Files</Filter>
    </ClInclude>
    <ClInclude Include="UserHelper.h">
      <Filter>Header Files</Filter>
    </ClInclude>
    <ClInclude Include="UserStatsHandler.h">
      <Filter>Header Files</Filter>
    </ClInclude>
    <ClInclude Include="RoomHandler.h">
      <Filter>Header Files</Filter>
    </ClInclude>
    <ClInclude Include="Room.h">
      <Filter>Header Files</Filter>
    </ClInclude>
  </ItemGroup>
  <ItemGroup>
    <ResourceCompile Include="Server.rc">
      <Filter>Resource Files</Filter>
    </ResourceCompile>
  </ItemGroup>
</Project>