<?xml version="1.0" encoding="utf-8"?>
<Project ToolsVersion="4.0" xmlns="http://schemas.microsoft.com/developer/msbuild/2003">
  <ItemGroup>
    <Filter Include="Source Files">
      <UniqueIdentifier>{4FC737F1-C7A5-4376-A066-2A32D752A2FF}</UniqueIdentifier>
      <Extensions>cpp;c;cc;cxx;c++;cppm;ixx;def;odl;idl;hpj;bat;asm;asmx</Extensions>
    </Filter>
    <Filter Include="Header Files">
      <UniqueIdentifier>{93995380-89BD-4b04-88EB-625FBE52EBFB}</UniqueIdentifier>
      <Extensions>h;hh;hpp;hxx;h++;hm;inl;inc;ipp;xsd</Extensions>
    </Filter>
    <Filter Include="Resource Files">
      <UniqueIdentifier>{67DA6AB6-F800-4c08-8B7A-83BB121AAD01}</UniqueIdentifier>
      <Extensions>rc;ico;cur;bmp;dlg;rc2;rct;bin;rgs;gif;jpg;jpeg;jpe;resx;tiff;tif;png;wav;mfcribbon-ms</Extensions>
    </Filter>
    <Filter Include="Utility Files">
      <UniqueIdentifier>{f8588d68-e70e-438a-9bec-9ffe0da7511c}</UniqueIdentifier>
    </Filter>
    <Filter Include="Implementation Files">
      <UniqueIdentifier>{885b4c12-753a-4912-9d2d-2cfd8b2779ab}</UniqueIdentifier>
    </Filter>
  </ItemGroup>
  <ItemGroup>
    <ClInclude Include="User.h">
      <Filter>Header Files</Filter>
    </ClInclude>
    <ClInclude Include="Game.h">
      <Filter>Header Files</Filter>
    </ClInclude>
    <ClInclude Include="pch.h">
      <Filter>Utility Files</Filter>
    </ClInclude>
    <ClInclude Include="resource.h">
      <Filter>Utility Files</Filter>
    </ClInclude>
    <ClInclude Include="framework.h">
      <Filter>Utility Files</Filter>
    </ClInclude>
    <ClInclude Include="define.h">
      <Filter>Utility Files</Filter>
    </ClInclude>
    <ClInclude Include="Room.h">
      <Filter>Header Files</Filter>
    </ClInclude>
    <ClInclude Include="RoomPlayer.h">
      <Filter>Header Files</Filter>
    </ClInclude>
    <ClInclude Include="UserStats.h">
      <Filter>Header Files</Filter>
    </ClInclude>
  </ItemGroup>
  <ItemGroup>
    <ClCompile Include="dllmain.cpp">
      <Filter>Source Files</Filter>
    </ClCompile>
    <ClCompile Include="pch.cpp">
      <Filter>Source Files</Filter>
    </ClCompile>
    <ClCompile Include="Game.cpp">
      <Filter>Implementation Files</Filter>
    </ClCompile>
    <ClCompile Include="User.cpp">
      <Filter>Implementation Files</Filter>
    </ClCompile>
    <ClCompile Include="Room.cpp">
      <Filter>Implementation Files</Filter>
    </ClCompile>
    <ClCompile Include="RoomPlayer.cpp">
      <Filter>Implementation Files</Filter>
    </ClCompile>
    <ClCompile Include="UserStats.cpp">
      <Filter>Implementation Files</Filter>
    </ClCompile>
  </ItemGroup>
  <ItemGroup>
    <ResourceCompile Include="Models.rc">
      <Filter>Resource Files</Filter>
    </ResourceCompile>
  </ItemGroup>
</Project>